
Microsoft Visual Studio Solution File, Format Version 12.00
# Visual Studio Version 17
VisualStudioVersion = 17.14.36301.6
MinimumVisualStudioVersion = 10.0.40219.1
Project("{FAE04EC0-301F-11D3-BF4B-00C04F79EFBC}") = "SecsGemClient", "HostConnectionTestor\SecsGemClient.csproj", "{96765490-3ED0-45F5-A2E8-0A8876D731BD}"
EndProject
Global
	GlobalSection(SolutionConfigurationPlatforms) = preSolution
		Debug|Any CPU = Debug|Any CPU
		Release|Any CPU = Release|Any CPU
	EndGlobalSection
	GlobalSection(ProjectConfigurationPlatforms) = postSolution
		{96765490-3ED0-45F5-A2E8-0A8876D731BD}.Debug|Any CPU.ActiveCfg = Debug|Any CPU
		{96765490-3ED0-45F5-A2E8-0A8876D731BD}.Debug|Any CPU.Build.0 = Debug|Any CPU
		{96765490-3ED0-45F5-A2E8-0A8876D731BD}.Release|Any CPU.ActiveCfg = Release|Any CPU
		{96765490-3ED0-45F5-A2E8-0A8876D731BD}.Release|Any CPU.Build.0 = Release|Any CPU
	EndGlobalSection
	GlobalSection(SolutionProperties) = preSolution
		HideSolutionNode = FALSE
	EndGlobalSection
	GlobalSection(ExtensibilityGlobals) = postSolution
		SolutionGuid = {9C1F9894-76DD-44C6-81AA-C40FA1B833BF}
	EndGlobalSection
EndGlobal
